
Microsoft Visual Studio Solution File, Format Version 12.00
# Visual Studio 2013
VisualStudioVersion = 12.0.31101.0
MinimumVisualStudioVersion = 10.0.40219.1
Project("{FAE04EC0-301F-11D3-BF4B-00C04F79EFBC}") = "JoveZhao.Framework", "JoveZhao.Framework\JoveZhao.Framework.csproj", "{F01EA778-D03F-44B3-BA3C-998AF3758DC7}"
EndProject
Project("{2150E333-8FDC-42A3-9474-1A3956D46DE8}") = "0表现层", "0表现层", "{4FECFFDC-A151-4633-AA63-05248B3EFBD7}"
EndProject
Project("{FAE04EC0-301F-11D3-BF4B-00C04F79EFBC}") = "BPiaoBao.Client", "BPiaoBao.Client\BPiaoBao.Client.csproj", "{EF9B5546-E089-4CDE-9D36-40065EC965D9}"
EndProject
Project("{FAE04EC0-301F-11D3-BF4B-00C04F79EFBC}") = "BPiaoBao.Client.DomesticTicket", "BPiaoBao.Client.DomesticTicket\BPiaoBao.Client.DomesticTicket.csproj", "{617DA60B-7997-418F-A7AA-8BC761E35184}"
EndProject
Project("{2150E333-8FDC-42A3-9474-1A3956D46DE8}") = "3仓储层", "3仓储层", "{1809B2EA-636A-4F6D-BE7D-49216DD87353}"
EndProject
Project("{FAE04EC0-301F-11D3-BF4B-00C04F79EFBC}") = "BPiaoBao.Client.Module", "BPiaoBao.Client.Plugin\BPiaoBao.Client.Module.csproj", "{85DF9D0A-C2B1-47EE-BC2A-A63451B8130B}"
EndProject
Project("{FAE04EC0-301F-11D3-BF4B-00C04F79EFBC}") = "BPiaoBao.DomesticTicket.EFRepository", "BPiaoBao.DomesticTicket.EFRepository\BPiaoBao.DomesticTicket.EFRepository.csproj", "{DD879B19-5A18-488F-BDDD-2D6C7F0834CC}"
EndProject
Project("{2150E333-8FDC-42A3-9474-1A3956D46DE8}") = "4基础设施层", "4基础设施层", "{60A6D0C5-CFF5-4720-BBDD-522CED15C89B}"
EndProject
Project("{2150E333-8FDC-42A3-9474-1A3956D46DE8}") = "2领域层", "2领域层", "{5D66FC30-9508-433A-9B2E-23343EE01968}"
EndProject
Project("{FAE04EC0-301F-11D3-BF4B-00C04F79EFBC}") = "BPiaoBao.DomesticTicket.Domain", "BPiaoBao.DomesticTicket.Domain\BPiaoBao.DomesticTicket.Domain.csproj", "{D90805CE-CEE6-42A5-87C2-EBF6ECFA94E2}"
EndProject
Project("{2150E333-8FDC-42A3-9474-1A3956D46DE8}") = "1应用服务层", "1应用服务层", "{5F6EF793-679B-4735-BEE7-195998BDF4D2}"
EndProject
Project("{FAE04EC0-301F-11D3-BF4B-00C04F79EFBC}") = "BPiaoBao.AppServices", "BPiaoBao.AppServices\BPiaoBao.AppServices.csproj", "{0831ACE7-562B-4820-9665-18C363F46974}"
EndProject
Project("{FAE04EC0-301F-11D3-BF4B-00C04F79EFBC}") = "BPiaoBao.AppServices.Contracts", "BPiaoBao.AppServices.Contracts\BPiaoBao.AppServices.Contracts.csproj", "{E892D14E-DF51-47E9-9865-E7269EA15013}"
EndProject
Project("{FAE04EC0-301F-11D3-BF4B-00C04F79EFBC}") = "BPiaoBao.AppServices.Hosting", "BPiaoBao.AppServices.Hosting\BPiaoBao.AppServices.Hosting.csproj", "{73FA4CBE-6279-47DD-9728-A53BE04B72C8}"
EndProject
Project("{2150E333-8FDC-42A3-9474-1A3956D46DE8}") = "国内机票", "国内机票", "{D8CB79D2-A3FE-43A5-977F-8446E8C0B544}"
EndProject
Project("{2150E333-8FDC-42A3-9474-1A3956D46DE8}") = "资金账户", "资金账户", "{0590A13B-03B3-4836-AEB0-860B9EB84BC5}"
EndProject
Project("{2150E333-8FDC-42A3-9474-1A3956D46DE8}") = "TPos", "TPos", "{09B1F59C-74CD-4DA3-8F49-3CDBCB6970E5}"
EndProject
Project("{2150E333-8FDC-42A3-9474-1A3956D46DE8}") = "系统设置", "系统设置", "{0FD7C857-5CE8-4E1D-AF57-2B1434FF9BCF}"
EndProject
Project("{FAE04EC0-301F-11D3-BF4B-00C04F79EFBC}") = "BPiaoBao.SystemSetting.Domain", "BPiaoBao.SystemSetting.Domain\BPiaoBao.SystemSetting.Domain.csproj", "{3165024D-838D-4D30-A243-645FC51B9F41}"
EndProject
Project("{FAE04EC0-301F-11D3-BF4B-00C04F79EFBC}") = "BPiaoBao.DomesticTicket.Platforms", "BPiaoBao.DomesticTicket.Platforms\BPiaoBao.DomesticTicket.Platforms.csproj", "{337E340F-4C92-4BAF-B111-FAB0D0373F55}"
EndProject
Project("{FAE04EC0-301F-11D3-BF4B-00C04F79EFBC}") = "BPiaoBao.DomesticTicket.Platform.Plugin", "BPiaoBao.DomesticTicket.Platform.Plugin\BPiaoBao.DomesticTicket.Platform.Plugin.csproj", "{F1C58E54-417F-4A65-A13E-E872841C544E}"
EndProject
Project("{FAE04EC0-301F-11D3-BF4B-00C04F79EFBC}") = "BPiaoBao.SystemSetting.EFRepository", "BPiaoBao.SystemSetting.EFRepository\BPiaoBao.SystemSetting.EFRepository.csproj", "{2F657692-028D-45A6-8768-688A312181CC}"
EndProject
Project("{FAE04EC0-301F-11D3-BF4B-00C04F79EFBC}") = "JoveZhao.Framework.EFRepository", "JoveZhao.Framework.EFRepository\JoveZhao.Framework.EFRepository.csproj", "{BE77C3CC-E8A9-444F-9DEA-A8F047A050EB}"
EndProject
Project("{2150E333-8FDC-42A3-9474-1A3956D46DE8}") = "5测试", "5测试", "{69CC6D43-1C56-4EAF-A9FA-43F90E4D7154}"
EndProject
Project("{2150E333-8FDC-42A3-9474-1A3956D46DE8}") = "6建模", "6建模", "{9EA991AC-6752-465F-8270-C240AD46CFBC}"
EndProject
Project("{F088123C-0E9E-452A-89E6-6BA2F21D5CAC}") = "BPiaoBao.UML", "BPiaoBao.UML\BPiaoBao.UML.modelproj", "{0A8979F5-A8EE-4DAA-8665-8AFBF589082D}"
EndProject
Project("{FAE04EC0-301F-11D3-BF4B-00C04F79EFBC}") = "BPiaoBao.Client.UIExt", "BPiaoBao.Client.UIExt\BPiaoBao.Client.UIExt.csproj", "{5928C486-5249-4BE4-ACB3-11718060C66C}"
EndProject
Project("{FAE04EC0-301F-11D3-BF4B-00C04F79EFBC}") = "BPiaoBao.Common", "BPiaoBao.Common\BPiaoBao.Common.csproj", "{EB7161F7-2BB5-4ED3-BF0A-268A1182E01C}"
EndProject
Project("{FAE04EC0-301F-11D3-BF4B-00C04F79EFBC}") = "BPiaoBao.Client.SystemSetting", "BPiaoBao.Client.SystemSetting\BPiaoBao.Client.SystemSetting.csproj", "{78FE02DA-A945-4527-B408-19A4A3509185}"
EndProject
Project("{FAE04EC0-301F-11D3-BF4B-00C04F79EFBC}") = "BPiaoBao.Cashbag.Domain", "BPiaoBao.Cashbag.Domain\BPiaoBao.Cashbag.Domain.csproj", "{B86A3B18-54CD-4CFC-9B03-9A659D34B23B}"
EndProject
Project("{FAE04EC0-301F-11D3-BF4B-00C04F79EFBC}") = "BPiaoBao.Cashbag.ClientProxy", "BPiaoBao.Cashbag.ClientProxy\BPiaoBao.Cashbag.ClientProxy.csproj", "{2A0B270B-A029-4920-BFCB-C0BBC847E4A4}"
EndProject
Project("{FAE04EC0-301F-11D3-BF4B-00C04F79EFBC}") = "BPiaoBao.AppServices.DataContracts", "BPiaoBao.AppServices.DataContracts\BPiaoBao.AppServices.DataContracts.csproj", "{17662823-C8CB-4B83-8786-EFF3B70007CC}"
EndProject
Project("{FAE04EC0-301F-11D3-BF4B-00C04F79EFBC}") = "BPiaoBao.AppServices.StationContracts", "BPiaoBao.Appservices.StationContracts\BPiaoBao.AppServices.StationContracts.csproj", "{D8721BE3-0B6C-4128-956A-28D817EF9286}"
EndProject
Project("{FAE04EC0-301F-11D3-BF4B-00C04F79EFBC}") = "BPiaoBao.Client.Account", "BPiaoBao.Client.Account\BPiaoBao.Client.Account.csproj", "{C24563CA-AB56-4FFB-9A75-75C5FC0163B0}"
EndProject
Project("{FAE04EC0-301F-11D3-BF4B-00C04F79EFBC}") = "Cashbag.Integrated", "Cashbag.Integrated\Cashbag.Integrated.csproj", "{550F0296-EC6B-4B0E-9A36-1B5F33958C4F}"
EndProject
Project("{FAE04EC0-301F-11D3-BF4B-00C04F79EFBC}") = "AutoUpdate", "AutoUpdate\AutoUpdate.csproj", "{D91913D7-AD50-4CA2-911C-B47C1D0CDA76}"
EndProject
Project("{FAE04EC0-301F-11D3-BF4B-00C04F79EFBC}") = "BPiaoBaoTPos.Domain", "BPiaoBaoTPos.Domain\BPiaoBaoTPos.Domain.csproj", "{A04224BB-8321-4862-AF7E-CDE3073446C5}"
EndProject
Project("{FAE04EC0-301F-11D3-BF4B-00C04F79EFBC}") = "BPiaoBao.TPos.ClientProxy", "BPiaoBao.TPos.ClientProxy\BPiaoBao.TPos.ClientProxy.csproj", "{2D248859-FE99-4326-80A5-C84D8CD206D4}"
EndProject
Project("{FAE04EC0-301F-11D3-BF4B-00C04F79EFBC}") = "BPiaoBao.Client.TPOS", "BPiaoBao.Client.TPOS\BPiaoBao.Client.TPOS.csproj", "{6DEAF31A-4815-4CA1-B1C9-536B721A252B}"
EndProject
Project("{FAE04EC0-301F-11D3-BF4B-00C04F79EFBC}") = "BPiaoBao.AppServices.ConsoContracts", "BPiaoBao.AppServices.ConsoContracts\BPiaoBao.AppServices.ConsoContracts.csproj", "{8A2F936A-7D1F-46E1-ADF8-E101573AA3E4}"
EndProject
Project("{FAE04EC0-301F-11D3-BF4B-00C04F79EFBC}") = "BPiaoBao.UnitTest", "BPiaoBao.UnitTest\BPiaoBao.UnitTest.csproj", "{FB65A4A8-3E1D-4DA2-B831-1CD5570841FA}"
EndProject
Project("{FAE04EC0-301F-11D3-BF4B-00C04F79EFBC}") = "PnrAnalysis", "PnrAnalysis\PnrAnalysis.csproj", "{8B4C3980-A7B8-4A81-8DF2-CFFA576FE414}"
EndProject
Project("{FAE04EC0-301F-11D3-BF4B-00C04F79EFBC}") = "BPiaoBao.Web.SupplierManager", "BPiaoBao.Web.SupplierManager\BPiaoBao.Web.SupplierManager.csproj", "{2FE895E8-2808-4ADF-883F-DA1BFA6CB56A}"
EndProject
Project("{2150E333-8FDC-42A3-9474-1A3956D46DE8}") = "7文档", "7文档", "{3E533E81-1CEB-4BED-B8B4-F3248DD54EA3}"
EndProject
Project("{F088123C-0E9E-452A-89E6-6BA2F21D5CAC}") = "BPiaoBao.Document", "BPiaoBao.Document\BPiaoBao.Document.modelproj", "{0C6BBE90-1ABF-4B31-96FD-E73F2B7CEA05}"
EndProject
Project("{FAE04EC0-301F-11D3-BF4B-00C04F79EFBC}") = "BPiaoBao.Client.Message", "BPiaoBao.Client.Message\BPiaoBao.Client.Message.csproj", "{C89F4AC9-4F3D-4514-A13E-3A7DEA2ABFF4}"
EndProject
Project("{FAE04EC0-301F-11D3-BF4B-00C04F79EFBC}") = "ConsoleApplication1", "ConsoleApplication1\ConsoleApplication1.csproj", "{D7B7F59F-D2D3-477C-9C7F-9C9F0E6793ED}"
EndProject
Global
	GlobalSection(TeamFoundationVersionControl) = preSolution
		SccNumberOfProjects = 36
		SccEnterpriseProvider = {4CA58AB2-18FA-4F8D-95D4-32DDF27D184C}
		SccTeamFoundationServer = http://10.11.3.240:8080/tfs/defaultcollection
		SccLocalPath0 = .
		SccProjectUniqueName1 = AutoUpdate\\AutoUpdate.csproj
		SccProjectTopLevelParentUniqueName1 = BPiaoBao.sln
		SccProjectName1 = AutoUpdate
		SccLocalPath1 = AutoUpdate
		SccProjectUniqueName2 = BPiaoBao.AppServices.ConsoContracts\\BPiaoBao.AppServices.ConsoContracts.csproj
		SccProjectTopLevelParentUniqueName2 = BPiaoBao.sln
		SccProjectName2 = BPiaoBao.AppServices.ConsoContracts
		SccLocalPath2 = BPiaoBao.AppServices.ConsoContracts
		SccProjectUniqueName3 = BPiaoBao.AppServices.Contracts\\BPiaoBao.AppServices.Contracts.csproj
		SccProjectTopLevelParentUniqueName3 = BPiaoBao.sln
		SccProjectName3 = BPiaoBao.AppServices.Contracts
		SccLocalPath3 = BPiaoBao.AppServices.Contracts
		SccProjectUniqueName4 = BPiaoBao.AppServices.DataContracts\\BPiaoBao.AppServices.DataContracts.csproj
		SccProjectTopLevelParentUniqueName4 = BPiaoBao.sln
		SccProjectName4 = BPiaoBao.AppServices.DataContracts
		SccLocalPath4 = BPiaoBao.AppServices.DataContracts
		SccProjectUniqueName5 = BPiaoBao.AppServices.Hosting\\BPiaoBao.AppServices.Hosting.csproj
		SccProjectTopLevelParentUniqueName5 = BPiaoBao.sln
		SccProjectName5 = BPiaoBao.AppServices.Hosting
		SccLocalPath5 = BPiaoBao.AppServices.Hosting
		SccProjectUniqueName6 = BPiaoBao.Appservices.StationContracts\\BPiaoBao.AppServices.StationContracts.csproj
		SccProjectTopLevelParentUniqueName6 = BPiaoBao.sln
		SccProjectName6 = BPiaoBao.Appservices.StationContracts
		SccLocalPath6 = BPiaoBao.Appservices.StationContracts
		SccProjectUniqueName7 = BPiaoBao.AppServices\\BPiaoBao.AppServices.csproj
		SccProjectTopLevelParentUniqueName7 = BPiaoBao.sln
		SccProjectName7 = BPiaoBao.AppServices
		SccLocalPath7 = BPiaoBao.AppServices
		SccProjectUniqueName8 = BPiaoBao.Cashbag.ClientProxy\\BPiaoBao.Cashbag.ClientProxy.csproj
		SccProjectTopLevelParentUniqueName8 = BPiaoBao.sln
		SccProjectName8 = BPiaoBao.Cashbag.ClientProxy
		SccLocalPath8 = BPiaoBao.Cashbag.ClientProxy
		SccProjectUniqueName9 = BPiaoBao.Cashbag.Domain\\BPiaoBao.Cashbag.Domain.csproj
		SccProjectTopLevelParentUniqueName9 = BPiaoBao.sln
		SccProjectName9 = BPiaoBao.Cashbag.Domain
		SccLocalPath9 = BPiaoBao.Cashbag.Domain
		SccProjectUniqueName10 = BPiaoBao.Client.Account\\BPiaoBao.Client.Account.csproj
		SccProjectTopLevelParentUniqueName10 = BPiaoBao.sln
		SccProjectName10 = BPiaoBao.Client.Account
		SccLocalPath10 = BPiaoBao.Client.Account
		SccProjectUniqueName11 = BPiaoBao.Client.DomesticTicket\\BPiaoBao.Client.DomesticTicket.csproj
		SccProjectTopLevelParentUniqueName11 = BPiaoBao.sln
		SccProjectName11 = BPiaoBao.Client.DomesticTicket
		SccLocalPath11 = BPiaoBao.Client.DomesticTicket
		SccProjectUniqueName12 = BPiaoBao.Client.Plugin\\BPiaoBao.Client.Module.csproj
		SccProjectTopLevelParentUniqueName12 = BPiaoBao.sln
		SccProjectName12 = BPiaoBao.Client.Plugin
		SccLocalPath12 = BPiaoBao.Client.Plugin
		SccProjectUniqueName13 = BPiaoBao.Client.SystemSetting\\BPiaoBao.Client.SystemSetting.csproj
		SccProjectTopLevelParentUniqueName13 = BPiaoBao.sln
		SccProjectName13 = BPiaoBao.Client.SystemSetting
		SccLocalPath13 = BPiaoBao.Client.SystemSetting
		SccProjectUniqueName14 = BPiaoBao.Client.TPOS\\BPiaoBao.Client.TPOS.csproj
		SccProjectTopLevelParentUniqueName14 = BPiaoBao.sln
		SccProjectName14 = BPiaoBao.Client.TPOS
		SccLocalPath14 = BPiaoBao.Client.TPOS
		SccProjectUniqueName15 = BPiaoBao.Client.UIExt\\BPiaoBao.Client.UIExt.csproj
		SccProjectTopLevelParentUniqueName15 = BPiaoBao.sln
		SccProjectName15 = BPiaoBao.Client.UIExt
		SccLocalPath15 = BPiaoBao.Client.UIExt
		SccProjectUniqueName16 = BPiaoBao.Client\\BPiaoBao.Client.csproj
		SccProjectTopLevelParentUniqueName16 = BPiaoBao.sln
		SccProjectName16 = BPiaoBao.Client
		SccLocalPath16 = BPiaoBao.Client
		SccProjectUniqueName17 = BPiaoBao.Common\\BPiaoBao.Common.csproj
		SccProjectTopLevelParentUniqueName17 = BPiaoBao.sln
		SccProjectName17 = BPiaoBao.Common
		SccLocalPath17 = BPiaoBao.Common
		SccProjectUniqueName18 = BPiaoBao.DomesticTicket.Domain\\BPiaoBao.DomesticTicket.Domain.csproj
		SccProjectTopLevelParentUniqueName18 = BPiaoBao.sln
		SccProjectName18 = BPiaoBao.DomesticTicket.Domain
		SccLocalPath18 = BPiaoBao.DomesticTicket.Domain
		SccProjectUniqueName19 = BPiaoBao.DomesticTicket.EFRepository\\BPiaoBao.DomesticTicket.EFRepository.csproj
		SccProjectTopLevelParentUniqueName19 = BPiaoBao.sln
		SccProjectName19 = BPiaoBao.DomesticTicket.EFRepository
		SccLocalPath19 = BPiaoBao.DomesticTicket.EFRepository
		SccProjectUniqueName20 = BPiaoBao.DomesticTicket.Platform.Plugin\\BPiaoBao.DomesticTicket.Platform.Plugin.csproj
		SccProjectTopLevelParentUniqueName20 = BPiaoBao.sln
		SccProjectName20 = BPiaoBao.DomesticTicket.Platform.Plugin
		SccLocalPath20 = BPiaoBao.DomesticTicket.Platform.Plugin
		SccProjectUniqueName21 = BPiaoBao.DomesticTicket.Platforms\\BPiaoBao.DomesticTicket.Platforms.csproj
		SccProjectTopLevelParentUniqueName21 = BPiaoBao.sln
		SccProjectName21 = BPiaoBao.DomesticTicket.Platforms
		SccLocalPath21 = BPiaoBao.DomesticTicket.Platforms
		SccProjectUniqueName22 = BPiaoBao.SystemSetting.Domain\\BPiaoBao.SystemSetting.Domain.csproj
		SccProjectTopLevelParentUniqueName22 = BPiaoBao.sln
		SccProjectName22 = BPiaoBao.SystemSetting.Domain
		SccLocalPath22 = BPiaoBao.SystemSetting.Domain
		SccProjectUniqueName23 = BPiaoBao.SystemSetting.EFRepository\\BPiaoBao.SystemSetting.EFRepository.csproj
		SccProjectTopLevelParentUniqueName23 = BPiaoBao.sln
		SccProjectName23 = BPiaoBao.SystemSetting.EFRepository
		SccLocalPath23 = BPiaoBao.SystemSetting.EFRepository
		SccProjectUniqueName24 = BPiaoBao.TPos.ClientProxy\\BPiaoBao.TPos.ClientProxy.csproj
		SccProjectTopLevelParentUniqueName24 = BPiaoBao.sln
		SccProjectName24 = BPiaoBao.TPos.ClientProxy
		SccLocalPath24 = BPiaoBao.TPos.ClientProxy
		SccProjectUniqueName25 = BPiaoBao.UML\\BPiaoBao.UML.modelproj
		SccProjectTopLevelParentUniqueName25 = BPiaoBao.sln
		SccProjectName25 = BPiaoBao.UML
		SccLocalPath25 = BPiaoBao.UML
		SccProjectUniqueName26 = BPiaoBaoTPos.Domain\\BPiaoBaoTPos.Domain.csproj
		SccProjectTopLevelParentUniqueName26 = BPiaoBao.sln
		SccProjectName26 = BPiaoBaoTPos.Domain
		SccLocalPath26 = BPiaoBaoTPos.Domain
		SccProjectUniqueName27 = Cashbag.Integrated\\Cashbag.Integrated.csproj
		SccProjectName27 = Cashbag.Integrated
		SccLocalPath27 = Cashbag.Integrated
		SccProjectUniqueName28 = JoveZhao.Framework.EFRepository\\JoveZhao.Framework.EFRepository.csproj
		SccProjectTopLevelParentUniqueName28 = BPiaoBao.sln
		SccProjectName28 = JoveZhao.Framework.EFRepository
		SccLocalPath28 = JoveZhao.Framework.EFRepository
		SccProjectUniqueName29 = JoveZhao.Framework\\JoveZhao.Framework.csproj
		SccProjectTopLevelParentUniqueName29 = BPiaoBao.sln
		SccProjectName29 = JoveZhao.Framework
		SccLocalPath29 = JoveZhao.Framework
		SccProjectUniqueName30 = BPiaoBao.UnitTest\\BPiaoBao.UnitTest.csproj
		SccProjectTopLevelParentUniqueName30 = BPiaoBao.sln
		SccProjectName30 = BPiaoBao.UnitTest
		SccLocalPath30 = BPiaoBao.UnitTest
		SccProjectUniqueName31 = PnrAnalysis\\PnrAnalysis.csproj
		SccProjectTopLevelParentUniqueName31 = BPiaoBao.sln
		SccProjectName31 = PnrAnalysis
		SccLocalPath31 = PnrAnalysis
		SccProjectUniqueName32 = BPiaoBao.Web.SupplierManager\\BPiaoBao.Web.SupplierManager.csproj
		SccProjectTopLevelParentUniqueName32 = BPiaoBao.sln
		SccProjectName32 = BPiaoBao.Web.SupplierManager
		SccLocalPath32 = BPiaoBao.Web.SupplierManager
		SccProjectUniqueName33 = BPiaoBao.Document\\BPiaoBao.Document.modelproj
		SccProjectTopLevelParentUniqueName33 = BPiaoBao.sln
		SccProjectName33 = BPiaoBao.Document
		SccLocalPath33 = BPiaoBao.Document
		SccProjectUniqueName34 = BPiaoBao.Client.Message\\BPiaoBao.Client.Message.csproj
		SccProjectTopLevelParentUniqueName34 = BPiaoBao.sln
		SccProjectName34 = BPiaoBao.Client.Message
		SccLocalPath34 = BPiaoBao.Client.Message
		SccProjectUniqueName35 = ConsoleApplication1\\ConsoleApplication1.csproj
		SccProjectTopLevelParentUniqueName35 = BPiaoBao.sln
		SccProjectName35 = ConsoleApplication1
		SccLocalPath35 = ConsoleApplication1
	EndGlobalSection
	GlobalSection(SolutionConfigurationPlatforms) = preSolution
		CD_ROM|Any CPU = CD_ROM|Any CPU
		Debug|Any CPU = Debug|Any CPU
		DVD-5|Any CPU = DVD-5|Any CPU
		Release|Any CPU = Release|Any CPU
		SingleImage|Any CPU = SingleImage|Any CPU
	EndGlobalSection
	GlobalSection(ProjectConfigurationPlatforms) = postSolution
		{F01EA778-D03F-44B3-BA3C-998AF3758DC7}.CD_ROM|Any CPU.ActiveCfg = Release|Any CPU
		{F01EA778-D03F-44B3-BA3C-998AF3758DC7}.CD_ROM|Any CPU.Build.0 = Release|Any CPU
		{F01EA778-D03F-44B3-BA3C-998AF3758DC7}.Debug|Any CPU.ActiveCfg = Debug|Any CPU
		{F01EA778-D03F-44B3-BA3C-998AF3758DC7}.Debug|Any CPU.Build.0 = Debug|Any CPU
		{F01EA778-D03F-44B3-BA3C-998AF3758DC7}.DVD-5|Any CPU.ActiveCfg = Debug|Any CPU
		{F01EA778-D03F-44B3-BA3C-998AF3758DC7}.DVD-5|Any CPU.Build.0 = Debug|Any CPU
		{F01EA778-D03F-44B3-BA3C-998AF3758DC7}.Release|Any CPU.ActiveCfg = Release|Any CPU
		{F01EA778-D03F-44B3-BA3C-998AF3758DC7}.Release|Any CPU.Build.0 = Release|Any CPU
		{F01EA778-D03F-44B3-BA3C-998AF3758DC7}.SingleImage|Any CPU.ActiveCfg = Release|Any CPU
		{F01EA778-D03F-44B3-BA3C-998AF3758DC7}.SingleImage|Any CPU.Build.0 = Release|Any CPU
		{EF9B5546-E089-4CDE-9D36-40065EC965D9}.CD_ROM|Any CPU.ActiveCfg = Release|Any CPU
		{EF9B5546-E089-4CDE-9D36-40065EC965D9}.CD_ROM|Any CPU.Build.0 = Release|Any CPU
		{EF9B5546-E089-4CDE-9D36-40065EC965D9}.Debug|Any CPU.ActiveCfg = Debug|Any CPU
		{EF9B5546-E089-4CDE-9D36-40065EC965D9}.Debug|Any CPU.Build.0 = Debug|Any CPU
		{EF9B5546-E089-4CDE-9D36-40065EC965D9}.DVD-5|Any CPU.ActiveCfg = Debug|Any CPU
		{EF9B5546-E089-4CDE-9D36-40065EC965D9}.DVD-5|Any CPU.Build.0 = Debug|Any CPU
		{EF9B5546-E089-4CDE-9D36-40065EC965D9}.Release|Any CPU.ActiveCfg = Release|Any CPU
		{EF9B5546-E089-4CDE-9D36-40065EC965D9}.Release|Any CPU.Build.0 = Release|Any CPU
		{EF9B5546-E089-4CDE-9D36-40065EC965D9}.SingleImage|Any CPU.ActiveCfg = Release|Any CPU
		{EF9B5546-E089-4CDE-9D36-40065EC965D9}.SingleImage|Any CPU.Build.0 = Release|Any CPU
		{617DA60B-7997-418F-A7AA-8BC761E35184}.CD_ROM|Any CPU.ActiveCfg = Release|Any CPU
		{617DA60B-7997-418F-A7AA-8BC761E35184}.CD_ROM|Any CPU.Build.0 = Release|Any CPU
		{617DA60B-7997-418F-A7AA-8BC761E35184}.Debug|Any CPU.ActiveCfg = Debug|Any CPU
		{617DA60B-7997-418F-A7AA-8BC761E35184}.Debug|Any CPU.Build.0 = Debug|Any CPU
		{617DA60B-7997-418F-A7AA-8BC761E35184}.DVD-5|Any CPU.ActiveCfg = Debug|Any CPU
		{617DA60B-7997-418F-A7AA-8BC761E35184}.DVD-5|Any CPU.Build.0 = Debug|Any CPU
		{617DA60B-7997-418F-A7AA-8BC761E35184}.Release|Any CPU.ActiveCfg = Release|Any CPU
		{617DA60B-7997-418F-A7AA-8BC761E35184}.Release|Any CPU.Build.0 = Release|Any CPU
		{617DA60B-7997-418F-A7AA-8BC761E35184}.SingleImage|Any CPU.ActiveCfg = Release|Any CPU
		{617DA60B-7997-418F-A7AA-8BC761E35184}.SingleImage|Any CPU.Build.0 = Release|Any CPU
		{85DF9D0A-C2B1-47EE-BC2A-A63451B8130B}.CD_ROM|Any CPU.ActiveCfg = Release|Any CPU
		{85DF9D0A-C2B1-47EE-BC2A-A63451B8130B}.CD_ROM|Any CPU.Build.0 = Release|Any CPU
		{85DF9D0A-C2B1-47EE-BC2A-A63451B8130B}.Debug|Any CPU.ActiveCfg = Debug|Any CPU
		{85DF9D0A-C2B1-47EE-BC2A-A63451B8130B}.Debug|Any CPU.Build.0 = Debug|Any CPU
		{85DF9D0A-C2B1-47EE-BC2A-A63451B8130B}.DVD-5|Any CPU.ActiveCfg = Debug|Any CPU
		{85DF9D0A-C2B1-47EE-BC2A-A63451B8130B}.DVD-5|Any CPU.Build.0 = Debug|Any CPU
		{85DF9D0A-C2B1-47EE-BC2A-A63451B8130B}.Release|Any CPU.ActiveCfg = Release|Any CPU
		{85DF9D0A-C2B1-47EE-BC2A-A63451B8130B}.Release|Any CPU.Build.0 = Release|Any CPU
		{85DF9D0A-C2B1-47EE-BC2A-A63451B8130B}.SingleImage|Any CPU.ActiveCfg = Release|Any CPU
		{85DF9D0A-C2B1-47EE-BC2A-A63451B8130B}.SingleImage|Any CPU.Build.0 = Release|Any CPU
		{DD879B19-5A18-488F-BDDD-2D6C7F0834CC}.CD_ROM|Any CPU.ActiveCfg = Release|Any CPU
		{DD879B19-5A18-488F-BDDD-2D6C7F0834CC}.CD_ROM|Any CPU.Build.0 = Release|Any CPU
		{DD879B19-5A18-488F-BDDD-2D6C7F0834CC}.Debug|Any CPU.ActiveCfg = Debug|Any CPU
		{DD879B19-5A18-488F-BDDD-2D6C7F0834CC}.Debug|Any CPU.Build.0 = Debug|Any CPU
		{DD879B19-5A18-488F-BDDD-2D6C7F0834CC}.DVD-5|Any CPU.ActiveCfg = Debug|Any CPU
		{DD879B19-5A18-488F-BDDD-2D6C7F0834CC}.DVD-5|Any CPU.Build.0 = Debug|Any CPU
		{DD879B19-5A18-488F-BDDD-2D6C7F0834CC}.Release|Any CPU.ActiveCfg = Release|Any CPU
		{DD879B19-5A18-488F-BDDD-2D6C7F0834CC}.Release|Any CPU.Build.0 = Release|Any CPU
		{DD879B19-5A18-488F-BDDD-2D6C7F0834CC}.SingleImage|Any CPU.ActiveCfg = Release|Any CPU
		{DD879B19-5A18-488F-BDDD-2D6C7F0834CC}.SingleImage|Any CPU.Build.0 = Release|Any CPU
		{D90805CE-CEE6-42A5-87C2-EBF6ECFA94E2}.CD_ROM|Any CPU.ActiveCfg = Release|Any CPU
		{D90805CE-CEE6-42A5-87C2-EBF6ECFA94E2}.CD_ROM|Any CPU.Build.0 = Release|Any CPU
		{D90805CE-CEE6-42A5-87C2-EBF6ECFA94E2}.Debug|Any CPU.ActiveCfg = Debug|Any CPU
		{D90805CE-CEE6-42A5-87C2-EBF6ECFA94E2}.Debug|Any CPU.Build.0 = Debug|Any CPU
		{D90805CE-CEE6-42A5-87C2-EBF6ECFA94E2}.DVD-5|Any CPU.ActiveCfg = Debug|Any CPU
		{D90805CE-CEE6-42A5-87C2-EBF6ECFA94E2}.DVD-5|Any CPU.Build.0 = Debug|Any CPU
		{D90805CE-CEE6-42A5-87C2-EBF6ECFA94E2}.Release|Any CPU.ActiveCfg = Release|Any CPU
		{D90805CE-CEE6-42A5-87C2-EBF6ECFA94E2}.Release|Any CPU.Build.0 = Release|Any CPU
		{D90805CE-CEE6-42A5-87C2-EBF6ECFA94E2}.SingleImage|Any CPU.ActiveCfg = Release|Any CPU
		{D90805CE-CEE6-42A5-87C2-EBF6ECFA94E2}.SingleImage|Any CPU.Build.0 = Release|Any CPU
		{0831ACE7-562B-4820-9665-18C363F46974}.CD_ROM|Any CPU.ActiveCfg = Release|Any CPU
		{0831ACE7-562B-4820-9665-18C363F46974}.CD_ROM|Any CPU.Build.0 = Release|Any CPU
		{0831ACE7-562B-4820-9665-18C363F46974}.Debug|Any CPU.ActiveCfg = Debug|Any CPU
		{0831ACE7-562B-4820-9665-18C363F46974}.Debug|Any CPU.Build.0 = Debug|Any CPU
		{0831ACE7-562B-4820-9665-18C363F46974}.DVD-5|Any CPU.ActiveCfg = Debug|Any CPU
		{0831ACE7-562B-4820-9665-18C363F46974}.DVD-5|Any CPU.Build.0 = Debug|Any CPU
		{0831ACE7-562B-4820-9665-18C363F46974}.Release|Any CPU.ActiveCfg = Release|Any CPU
		{0831ACE7-562B-4820-9665-18C363F46974}.Release|Any CPU.Build.0 = Release|Any CPU
		{0831ACE7-562B-4820-9665-18C363F46974}.SingleImage|Any CPU.ActiveCfg = Release|Any CPU
		{0831ACE7-562B-4820-9665-18C363F46974}.SingleImage|Any CPU.Build.0 = Release|Any CPU
		{E892D14E-DF51-47E9-9865-E7269EA15013}.CD_ROM|Any CPU.ActiveCfg = Release|Any CPU
		{E892D14E-DF51-47E9-9865-E7269EA15013}.CD_ROM|Any CPU.Build.0 = Release|Any CPU
		{E892D14E-DF51-47E9-9865-E7269EA15013}.Debug|Any CPU.ActiveCfg = Debug|Any CPU
		{E892D14E-DF51-47E9-9865-E7269EA15013}.Debug|Any CPU.Build.0 = Debug|Any CPU
		{E892D14E-DF51-47E9-9865-E7269EA15013}.DVD-5|Any CPU.ActiveCfg = Debug|Any CPU
		{E892D14E-DF51-47E9-9865-E7269EA15013}.DVD-5|Any CPU.Build.0 = Debug|Any CPU
		{E892D14E-DF51-47E9-9865-E7269EA15013}.Release|Any CPU.ActiveCfg = Release|Any CPU
		{E892D14E-DF51-47E9-9865-E7269EA15013}.Release|Any CPU.Build.0 = Release|Any CPU
		{E892D14E-DF51-47E9-9865-E7269EA15013}.SingleImage|Any CPU.ActiveCfg = Release|Any CPU
		{E892D14E-DF51-47E9-9865-E7269EA15013}.SingleImage|Any CPU.Build.0 = Release|Any CPU
		{73FA4CBE-6279-47DD-9728-A53BE04B72C8}.CD_ROM|Any CPU.ActiveCfg = Release|Any CPU
		{73FA4CBE-6279-47DD-9728-A53BE04B72C8}.CD_ROM|Any CPU.Build.0 = Release|Any CPU
		{73FA4CBE-6279-47DD-9728-A53BE04B72C8}.Debug|Any CPU.ActiveCfg = Debug|Any CPU
		{73FA4CBE-6279-47DD-9728-A53BE04B72C8}.Debug|Any CPU.Build.0 = Debug|Any CPU
		{73FA4CBE-6279-47DD-9728-A53BE04B72C8}.DVD-5|Any CPU.ActiveCfg = Debug|Any CPU
		{73FA4CBE-6279-47DD-9728-A53BE04B72C8}.DVD-5|Any CPU.Build.0 = Debug|Any CPU
		{73FA4CBE-6279-47DD-9728-A53BE04B72C8}.Release|Any CPU.ActiveCfg = Release|Any CPU
		{73FA4CBE-6279-47DD-9728-A53BE04B72C8}.Release|Any CPU.Build.0 = Release|Any CPU
		{73FA4CBE-6279-47DD-9728-A53BE04B72C8}.SingleImage|Any CPU.ActiveCfg = Release|Any CPU
		{73FA4CBE-6279-47DD-9728-A53BE04B72C8}.SingleImage|Any CPU.Build.0 = Release|Any CPU
		{3165024D-838D-4D30-A243-645FC51B9F41}.CD_ROM|Any CPU.ActiveCfg = Release|Any CPU
		{3165024D-838D-4D30-A243-645FC51B9F41}.CD_ROM|Any CPU.Build.0 = Release|Any CPU
		{3165024D-838D-4D30-A243-645FC51B9F41}.Debug|Any CPU.ActiveCfg = Debug|Any CPU
		{3165024D-838D-4D30-A243-645FC51B9F41}.Debug|Any CPU.Build.0 = Debug|Any CPU
		{3165024D-838D-4D30-A243-645FC51B9F41}.DVD-5|Any CPU.ActiveCfg = Debug|Any CPU
		{3165024D-838D-4D30-A243-645FC51B9F41}.DVD-5|Any CPU.Build.0 = Debug|Any CPU
		{3165024D-838D-4D30-A243-645FC51B9F41}.Release|Any CPU.ActiveCfg = Release|Any CPU
		{3165024D-838D-4D30-A243-645FC51B9F41}.Release|Any CPU.Build.0 = Release|Any CPU
		{3165024D-838D-4D30-A243-645FC51B9F41}.SingleImage|Any CPU.ActiveCfg = Release|Any CPU
		{3165024D-838D-4D30-A243-645FC51B9F41}.SingleImage|Any CPU.Build.0 = Release|Any CPU
		{337E340F-4C92-4BAF-B111-FAB0D0373F55}.CD_ROM|Any CPU.ActiveCfg = Release|Any CPU
		{337E340F-4C92-4BAF-B111-FAB0D0373F55}.CD_ROM|Any CPU.Build.0 = Release|Any CPU
		{337E340F-4C92-4BAF-B111-FAB0D0373F55}.Debug|Any CPU.ActiveCfg = Debug|Any CPU
		{337E340F-4C92-4BAF-B111-FAB0D0373F55}.Debug|Any CPU.Build.0 = Debug|Any CPU
		{337E340F-4C92-4BAF-B111-FAB0D0373F55}.DVD-5|Any CPU.ActiveCfg = Debug|Any CPU
		{337E340F-4C92-4BAF-B111-FAB0D0373F55}.DVD-5|Any CPU.Build.0 = Debug|Any CPU
		{337E340F-4C92-4BAF-B111-FAB0D0373F55}.Release|Any CPU.ActiveCfg = Release|Any CPU
		{337E340F-4C92-4BAF-B111-FAB0D0373F55}.Release|Any CPU.Build.0 = Release|Any CPU
		{337E340F-4C92-4BAF-B111-FAB0D0373F55}.SingleImage|Any CPU.ActiveCfg = Release|Any CPU
		{337E340F-4C92-4BAF-B111-FAB0D0373F55}.SingleImage|Any CPU.Build.0 = Release|Any CPU
		{F1C58E54-417F-4A65-A13E-E872841C544E}.CD_ROM|Any CPU.ActiveCfg = Release|Any CPU
		{F1C58E54-417F-4A65-A13E-E872841C544E}.CD_ROM|Any CPU.Build.0 = Release|Any CPU
		{F1C58E54-417F-4A65-A13E-E872841C544E}.Debug|Any CPU.ActiveCfg = Debug|Any CPU
		{F1C58E54-417F-4A65-A13E-E872841C544E}.Debug|Any CPU.Build.0 = Debug|Any CPU
		{F1C58E54-417F-4A65-A13E-E872841C544E}.DVD-5|Any CPU.ActiveCfg = Debug|Any CPU
		{F1C58E54-417F-4A65-A13E-E872841C544E}.DVD-5|Any CPU.Build.0 = Debug|Any CPU
		{F1C58E54-417F-4A65-A13E-E872841C544E}.Release|Any CPU.ActiveCfg = Release|Any CPU
		{F1C58E54-417F-4A65-A13E-E872841C544E}.Release|Any CPU.Build.0 = Release|Any CPU
		{F1C58E54-417F-4A65-A13E-E872841C544E}.SingleImage|Any CPU.ActiveCfg = Release|Any CPU
		{F1C58E54-417F-4A65-A13E-E872841C544E}.SingleImage|Any CPU.Build.0 = Release|Any CPU
		{2F657692-028D-45A6-8768-688A312181CC}.CD_ROM|Any CPU.ActiveCfg = Release|Any CPU
		{2F657692-028D-45A6-8768-688A312181CC}.CD_ROM|Any CPU.Build.0 = Release|Any CPU
		{2F657692-028D-45A6-8768-688A312181CC}.Debug|Any CPU.ActiveCfg = Debug|Any CPU
		{2F657692-028D-45A6-8768-688A312181CC}.Debug|Any CPU.Build.0 = Debug|Any CPU
		{2F657692-028D-45A6-8768-688A312181CC}.DVD-5|Any CPU.ActiveCfg = Debug|Any CPU
		{2F657692-028D-45A6-8768-688A312181CC}.DVD-5|Any CPU.Build.0 = Debug|Any CPU
		{2F657692-028D-45A6-8768-688A312181CC}.Release|Any CPU.ActiveCfg = Release|Any CPU
		{2F657692-028D-45A6-8768-688A312181CC}.Release|Any CPU.Build.0 = Release|Any CPU
		{2F657692-028D-45A6-8768-688A312181CC}.SingleImage|Any CPU.ActiveCfg = Release|Any CPU
		{2F657692-028D-45A6-8768-688A312181CC}.SingleImage|Any CPU.Build.0 = Release|Any CPU
		{BE77C3CC-E8A9-444F-9DEA-A8F047A050EB}.CD_ROM|Any CPU.ActiveCfg = Release|Any CPU
		{BE77C3CC-E8A9-444F-9DEA-A8F047A050EB}.CD_ROM|Any CPU.Build.0 = Release|Any CPU
		{BE77C3CC-E8A9-444F-9DEA-A8F047A050EB}.Debug|Any CPU.ActiveCfg = Debug|Any CPU
		{BE77C3CC-E8A9-444F-9DEA-A8F047A050EB}.Debug|Any CPU.Build.0 = Debug|Any CPU
		{BE77C3CC-E8A9-444F-9DEA-A8F047A050EB}.DVD-5|Any CPU.ActiveCfg = Debug|Any CPU
		{BE77C3CC-E8A9-444F-9DEA-A8F047A050EB}.DVD-5|Any CPU.Build.0 = Debug|Any CPU
		{BE77C3CC-E8A9-444F-9DEA-A8F047A050EB}.Release|Any CPU.ActiveCfg = Release|Any CPU
		{BE77C3CC-E8A9-444F-9DEA-A8F047A050EB}.Release|Any CPU.Build.0 = Release|Any CPU
		{BE77C3CC-E8A9-444F-9DEA-A8F047A050EB}.SingleImage|Any CPU.ActiveCfg = Release|Any CPU
		{BE77C3CC-E8A9-444F-9DEA-A8F047A050EB}.SingleImage|Any CPU.Build.0 = Release|Any CPU
		{0A8979F5-A8EE-4DAA-8665-8AFBF589082D}.CD_ROM|Any CPU.ActiveCfg = Release|Any CPU
		{0A8979F5-A8EE-4DAA-8665-8AFBF589082D}.CD_ROM|Any CPU.Build.0 = Release|Any CPU
		{0A8979F5-A8EE-4DAA-8665-8AFBF589082D}.Debug|Any CPU.ActiveCfg = Debug|Any CPU
		{0A8979F5-A8EE-4DAA-8665-8AFBF589082D}.Debug|Any CPU.Build.0 = Debug|Any CPU
		{0A8979F5-A8EE-4DAA-8665-8AFBF589082D}.DVD-5|Any CPU.ActiveCfg = Debug|Any CPU
		{0A8979F5-A8EE-4DAA-8665-8AFBF589082D}.DVD-5|Any CPU.Build.0 = Debug|Any CPU
		{0A8979F5-A8EE-4DAA-8665-8AFBF589082D}.Release|Any CPU.ActiveCfg = Release|Any CPU
		{0A8979F5-A8EE-4DAA-8665-8AFBF589082D}.Release|Any CPU.Build.0 = Release|Any CPU
		{0A8979F5-A8EE-4DAA-8665-8AFBF589082D}.SingleImage|Any CPU.ActiveCfg = Release|Any CPU
		{0A8979F5-A8EE-4DAA-8665-8AFBF589082D}.SingleImage|Any CPU.Build.0 = Release|Any CPU
		{5928C486-5249-4BE4-ACB3-11718060C66C}.CD_ROM|Any CPU.ActiveCfg = Release|Any CPU
		{5928C486-5249-4BE4-ACB3-11718060C66C}.CD_ROM|Any CPU.Build.0 = Release|Any CPU
		{5928C486-5249-4BE4-ACB3-11718060C66C}.Debug|Any CPU.ActiveCfg = Debug|Any CPU
		{5928C486-5249-4BE4-ACB3-11718060C66C}.Debug|Any CPU.Build.0 = Debug|Any CPU
		{5928C486-5249-4BE4-ACB3-11718060C66C}.DVD-5|Any CPU.ActiveCfg = Debug|Any CPU
		{5928C486-5249-4BE4-ACB3-11718060C66C}.DVD-5|Any CPU.Build.0 = Debug|Any CPU
		{5928C486-5249-4BE4-ACB3-11718060C66C}.Release|Any CPU.ActiveCfg = Release|Any CPU
		{5928C486-5249-4BE4-ACB3-11718060C66C}.Release|Any CPU.Build.0 = Release|Any CPU
		{5928C486-5249-4BE4-ACB3-11718060C66C}.SingleImage|Any CPU.ActiveCfg = Release|Any CPU
		{5928C486-5249-4BE4-ACB3-11718060C66C}.SingleImage|Any CPU.Build.0 = Release|Any CPU
		{EB7161F7-2BB5-4ED3-BF0A-268A1182E01C}.CD_ROM|Any CPU.ActiveCfg = Release|Any CPU
		{EB7161F7-2BB5-4ED3-BF0A-268A1182E01C}.CD_ROM|Any CPU.Build.0 = Release|Any CPU
		{EB7161F7-2BB5-4ED3-BF0A-268A1182E01C}.Debug|Any CPU.ActiveCfg = Debug|Any CPU
		{EB7161F7-2BB5-4ED3-BF0A-268A1182E01C}.Debug|Any CPU.Build.0 = Debug|Any CPU
		{EB7161F7-2BB5-4ED3-BF0A-268A1182E01C}.DVD-5|Any CPU.ActiveCfg = Debug|Any CPU
		{EB7161F7-2BB5-4ED3-BF0A-268A1182E01C}.DVD-5|Any CPU.Build.0 = Debug|Any CPU
		{EB7161F7-2BB5-4ED3-BF0A-268A1182E01C}.Release|Any CPU.ActiveCfg = Release|Any CPU
		{EB7161F7-2BB5-4ED3-BF0A-268A1182E01C}.Release|Any CPU.Build.0 = Release|Any CPU
		{EB7161F7-2BB5-4ED3-BF0A-268A1182E01C}.SingleImage|Any CPU.ActiveCfg = Release|Any CPU
		{EB7161F7-2BB5-4ED3-BF0A-268A1182E01C}.SingleImage|Any CPU.Build.0 = Release|Any CPU
		{78FE02DA-A945-4527-B408-19A4A3509185}.CD_ROM|Any CPU.ActiveCfg = Release|Any CPU
		{78FE02DA-A945-4527-B408-19A4A3509185}.CD_ROM|Any CPU.Build.0 = Release|Any CPU
		{78FE02DA-A945-4527-B408-19A4A3509185}.Debug|Any CPU.ActiveCfg = Debug|Any CPU
		{78FE02DA-A945-4527-B408-19A4A3509185}.Debug|Any CPU.Build.0 = Debug|Any CPU
		{78FE02DA-A945-4527-B408-19A4A3509185}.DVD-5|Any CPU.ActiveCfg = Debug|Any CPU
		{78FE02DA-A945-4527-B408-19A4A3509185}.DVD-5|Any CPU.Build.0 = Debug|Any CPU
		{78FE02DA-A945-4527-B408-19A4A3509185}.Release|Any CPU.ActiveCfg = Release|Any CPU
		{78FE02DA-A945-4527-B408-19A4A3509185}.Release|Any CPU.Build.0 = Release|Any CPU
		{78FE02DA-A945-4527-B408-19A4A3509185}.SingleImage|Any CPU.ActiveCfg = Release|Any CPU
		{78FE02DA-A945-4527-B408-19A4A3509185}.SingleImage|Any CPU.Build.0 = Release|Any CPU
		{B86A3B18-54CD-4CFC-9B03-9A659D34B23B}.CD_ROM|Any CPU.ActiveCfg = Release|Any CPU
		{B86A3B18-54CD-4CFC-9B03-9A659D34B23B}.CD_ROM|Any CPU.Build.0 = Release|Any CPU
		{B86A3B18-54CD-4CFC-9B03-9A659D34B23B}.Debug|Any CPU.ActiveCfg = Debug|Any CPU
		{B86A3B18-54CD-4CFC-9B03-9A659D34B23B}.Debug|Any CPU.Build.0 = Debug|Any CPU
		{B86A3B18-54CD-4CFC-9B03-9A659D34B23B}.DVD-5|Any CPU.ActiveCfg = Debug|Any CPU
		{B86A3B18-54CD-4CFC-9B03-9A659D34B23B}.DVD-5|Any CPU.Build.0 = Debug|Any CPU
		{B86A3B18-54CD-4CFC-9B03-9A659D34B23B}.Release|Any CPU.ActiveCfg = Release|Any CPU
		{B86A3B18-54CD-4CFC-9B03-9A659D34B23B}.Release|Any CPU.Build.0 = Release|Any CPU
		{B86A3B18-54CD-4CFC-9B03-9A659D34B23B}.SingleImage|Any CPU.ActiveCfg = Release|Any CPU
		{B86A3B18-54CD-4CFC-9B03-9A659D34B23B}.SingleImage|Any CPU.Build.0 = Release|Any CPU
		{2A0B270B-A029-4920-BFCB-C0BBC847E4A4}.CD_ROM|Any CPU.ActiveCfg = Release|Any CPU
		{2A0B270B-A029-4920-BFCB-C0BBC847E4A4}.CD_ROM|Any CPU.Build.0 = Release|Any CPU
		{2A0B270B-A029-4920-BFCB-C0BBC847E4A4}.Debug|Any CPU.ActiveCfg = Debug|Any CPU
		{2A0B270B-A029-4920-BFCB-C0BBC847E4A4}.Debug|Any CPU.Build.0 = Debug|Any CPU
		{2A0B270B-A029-4920-BFCB-C0BBC847E4A4}.DVD-5|Any CPU.ActiveCfg = Debug|Any CPU
		{2A0B270B-A029-4920-BFCB-C0BBC847E4A4}.DVD-5|Any CPU.Build.0 = Debug|Any CPU
		{2A0B270B-A029-4920-BFCB-C0BBC847E4A4}.Release|Any CPU.ActiveCfg = Release|Any CPU
		{2A0B270B-A029-4920-BFCB-C0BBC847E4A4}.Release|Any CPU.Build.0 = Release|Any CPU
		{2A0B270B-A029-4920-BFCB-C0BBC847E4A4}.SingleImage|Any CPU.ActiveCfg = Release|Any CPU
		{2A0B270B-A029-4920-BFCB-C0BBC847E4A4}.SingleImage|Any CPU.Build.0 = Release|Any CPU
		{17662823-C8CB-4B83-8786-EFF3B70007CC}.CD_ROM|Any CPU.ActiveCfg = Release|Any CPU
		{17662823-C8CB-4B83-8786-EFF3B70007CC}.CD_ROM|Any CPU.Build.0 = Release|Any CPU
		{17662823-C8CB-4B83-8786-EFF3B70007CC}.Debug|Any CPU.ActiveCfg = Debug|Any CPU
		{17662823-C8CB-4B83-8786-EFF3B70007CC}.Debug|Any CPU.Build.0 = Debug|Any CPU
		{17662823-C8CB-4B83-8786-EFF3B70007CC}.DVD-5|Any CPU.ActiveCfg = Debug|Any CPU
		{17662823-C8CB-4B83-8786-EFF3B70007CC}.DVD-5|Any CPU.Build.0 = Debug|Any CPU
		{17662823-C8CB-4B83-8786-EFF3B70007CC}.Release|Any CPU.ActiveCfg = Release|Any CPU
		{17662823-C8CB-4B83-8786-EFF3B70007CC}.Release|Any CPU.Build.0 = Release|Any CPU
		{17662823-C8CB-4B83-8786-EFF3B70007CC}.SingleImage|Any CPU.ActiveCfg = Release|Any CPU
		{17662823-C8CB-4B83-8786-EFF3B70007CC}.SingleImage|Any CPU.Build.0 = Release|Any CPU
		{D8721BE3-0B6C-4128-956A-28D817EF9286}.CD_ROM|Any CPU.ActiveCfg = Release|Any CPU
		{D8721BE3-0B6C-4128-956A-28D817EF9286}.CD_ROM|Any CPU.Build.0 = Release|Any CPU
		{D8721BE3-0B6C-4128-956A-28D817EF9286}.Debug|Any CPU.ActiveCfg = Debug|Any CPU
		{D8721BE3-0B6C-4128-956A-28D817EF9286}.Debug|Any CPU.Build.0 = Debug|Any CPU
		{D8721BE3-0B6C-4128-956A-28D817EF9286}.DVD-5|Any CPU.ActiveCfg = Debug|Any CPU
		{D8721BE3-0B6C-4128-956A-28D817EF9286}.DVD-5|Any CPU.Build.0 = Debug|Any CPU
		{D8721BE3-0B6C-4128-956A-28D817EF9286}.Release|Any CPU.ActiveCfg = Release|Any CPU
		{D8721BE3-0B6C-4128-956A-28D817EF9286}.Release|Any CPU.Build.0 = Release|Any CPU
		{D8721BE3-0B6C-4128-956A-28D817EF9286}.SingleImage|Any CPU.ActiveCfg = Release|Any CPU
		{D8721BE3-0B6C-4128-956A-28D817EF9286}.SingleImage|Any CPU.Build.0 = Release|Any CPU
		{C24563CA-AB56-4FFB-9A75-75C5FC0163B0}.CD_ROM|Any CPU.ActiveCfg = Release|Any CPU
		{C24563CA-AB56-4FFB-9A75-75C5FC0163B0}.CD_ROM|Any CPU.Build.0 = Release|Any CPU
		{C24563CA-AB56-4FFB-9A75-75C5FC0163B0}.Debug|Any CPU.ActiveCfg = Debug|Any CPU
		{C24563CA-AB56-4FFB-9A75-75C5FC0163B0}.Debug|Any CPU.Build.0 = Debug|Any CPU
		{C24563CA-AB56-4FFB-9A75-75C5FC0163B0}.DVD-5|Any CPU.ActiveCfg = Debug|Any CPU
		{C24563CA-AB56-4FFB-9A75-75C5FC0163B0}.DVD-5|Any CPU.Build.0 = Debug|Any CPU
		{C24563CA-AB56-4FFB-9A75-75C5FC0163B0}.Release|Any CPU.ActiveCfg = Release|Any CPU
		{C24563CA-AB56-4FFB-9A75-75C5FC0163B0}.Release|Any CPU.Build.0 = Release|Any CPU
		{C24563CA-AB56-4FFB-9A75-75C5FC0163B0}.SingleImage|Any CPU.ActiveCfg = Release|Any CPU
		{C24563CA-AB56-4FFB-9A75-75C5FC0163B0}.SingleImage|Any CPU.Build.0 = Release|Any CPU
		{550F0296-EC6B-4B0E-9A36-1B5F33958C4F}.CD_ROM|Any CPU.ActiveCfg = Release|Any CPU
		{550F0296-EC6B-4B0E-9A36-1B5F33958C4F}.CD_ROM|Any CPU.Build.0 = Release|Any CPU
		{550F0296-EC6B-4B0E-9A36-1B5F33958C4F}.Debug|Any CPU.ActiveCfg = Debug|Any CPU
		{550F0296-EC6B-4B0E-9A36-1B5F33958C4F}.Debug|Any CPU.Build.0 = Debug|Any CPU
		{550F0296-EC6B-4B0E-9A36-1B5F33958C4F}.DVD-5|Any CPU.ActiveCfg = Debug|Any CPU
		{550F0296-EC6B-4B0E-9A36-1B5F33958C4F}.DVD-5|Any CPU.Build.0 = Debug|Any CPU
		{550F0296-EC6B-4B0E-9A36-1B5F33958C4F}.Release|Any CPU.ActiveCfg = Release|Any CPU
		{550F0296-EC6B-4B0E-9A36-1B5F33958C4F}.Release|Any CPU.Build.0 = Release|Any CPU
		{550F0296-EC6B-4B0E-9A36-1B5F33958C4F}.SingleImage|Any CPU.ActiveCfg = Release|Any CPU
		{550F0296-EC6B-4B0E-9A36-1B5F33958C4F}.SingleImage|Any CPU.Build.0 = Release|Any CPU
		{D91913D7-AD50-4CA2-911C-B47C1D0CDA76}.CD_ROM|Any CPU.ActiveCfg = Release|Any CPU
		{D91913D7-AD50-4CA2-911C-B47C1D0CDA76}.CD_ROM|Any CPU.Build.0 = Release|Any CPU
		{D91913D7-AD50-4CA2-911C-B47C1D0CDA76}.Debug|Any CPU.ActiveCfg = Debug|Any CPU
		{D91913D7-AD50-4CA2-911C-B47C1D0CDA76}.Debug|Any CPU.Build.0 = Debug|Any CPU
		{D91913D7-AD50-4CA2-911C-B47C1D0CDA76}.DVD-5|Any CPU.ActiveCfg = Debug|Any CPU
		{D91913D7-AD50-4CA2-911C-B47C1D0CDA76}.DVD-5|Any CPU.Build.0 = Debug|Any CPU
		{D91913D7-AD50-4CA2-911C-B47C1D0CDA76}.Release|Any CPU.ActiveCfg = Release|Any CPU
		{D91913D7-AD50-4CA2-911C-B47C1D0CDA76}.Release|Any CPU.Build.0 = Release|Any CPU
		{D91913D7-AD50-4CA2-911C-B47C1D0CDA76}.SingleImage|Any CPU.ActiveCfg = Release|Any CPU
		{D91913D7-AD50-4CA2-911C-B47C1D0CDA76}.SingleImage|Any CPU.Build.0 = Release|Any CPU
		{A04224BB-8321-4862-AF7E-CDE3073446C5}.CD_ROM|Any CPU.ActiveCfg = Release|Any CPU
		{A04224BB-8321-4862-AF7E-CDE3073446C5}.CD_ROM|Any CPU.Build.0 = Release|Any CPU
		{A04224BB-8321-4862-AF7E-CDE3073446C5}.Debug|Any CPU.ActiveCfg = Debug|Any CPU
		{A04224BB-8321-4862-AF7E-CDE3073446C5}.Debug|Any CPU.Build.0 = Debug|Any CPU
		{A04224BB-8321-4862-AF7E-CDE3073446C5}.DVD-5|Any CPU.ActiveCfg = Debug|Any CPU
		{A04224BB-8321-4862-AF7E-CDE3073446C5}.DVD-5|Any CPU.Build.0 = Debug|Any CPU
		{A04224BB-8321-4862-AF7E-CDE3073446C5}.Release|Any CPU.ActiveCfg = Release|Any CPU
		{A04224BB-8321-4862-AF7E-CDE3073446C5}.Release|Any CPU.Build.0 = Release|Any CPU
		{A04224BB-8321-4862-AF7E-CDE3073446C5}.SingleImage|Any CPU.ActiveCfg = Release|Any CPU
		{A04224BB-8321-4862-AF7E-CDE3073446C5}.SingleImage|Any CPU.Build.0 = Release|Any CPU
		{2D248859-FE99-4326-80A5-C84D8CD206D4}.CD_ROM|Any CPU.ActiveCfg = Release|Any CPU
		{2D248859-FE99-4326-80A5-C84D8CD206D4}.CD_ROM|Any CPU.Build.0 = Release|Any CPU
		{2D248859-FE99-4326-80A5-C84D8CD206D4}.Debug|Any CPU.ActiveCfg = Debug|Any CPU
		{2D248859-FE99-4326-80A5-C84D8CD206D4}.Debug|Any CPU.Build.0 = Debug|Any CPU
		{2D248859-FE99-4326-80A5-C84D8CD206D4}.DVD-5|Any CPU.ActiveCfg = Debug|Any CPU
		{2D248859-FE99-4326-80A5-C84D8CD206D4}.DVD-5|Any CPU.Build.0 = Debug|Any CPU
		{2D248859-FE99-4326-80A5-C84D8CD206D4}.Release|Any CPU.ActiveCfg = Release|Any CPU
		{2D248859-FE99-4326-80A5-C84D8CD206D4}.Release|Any CPU.Build.0 = Release|Any CPU
		{2D248859-FE99-4326-80A5-C84D8CD206D4}.SingleImage|Any CPU.ActiveCfg = Release|Any CPU
		{2D248859-FE99-4326-80A5-C84D8CD206D4}.SingleImage|Any CPU.Build.0 = Release|Any CPU
		{6DEAF31A-4815-4CA1-B1C9-536B721A252B}.CD_ROM|Any CPU.ActiveCfg = Release|Any CPU
		{6DEAF31A-4815-4CA1-B1C9-536B721A252B}.CD_ROM|Any CPU.Build.0 = Release|Any CPU
		{6DEAF31A-4815-4CA1-B1C9-536B721A252B}.Debug|Any CPU.ActiveCfg = Debug|Any CPU
		{6DEAF31A-4815-4CA1-B1C9-536B721A252B}.Debug|Any CPU.Build.0 = Debug|Any CPU
		{6DEAF31A-4815-4CA1-B1C9-536B721A252B}.DVD-5|Any CPU.ActiveCfg = Debug|Any CPU
		{6DEAF31A-4815-4CA1-B1C9-536B721A252B}.DVD-5|Any CPU.Build.0 = Debug|Any CPU
		{6DEAF31A-4815-4CA1-B1C9-536B721A252B}.Release|Any CPU.ActiveCfg = Release|Any CPU
		{6DEAF31A-4815-4CA1-B1C9-536B721A252B}.Release|Any CPU.Build.0 = Release|Any CPU
		{6DEAF31A-4815-4CA1-B1C9-536B721A252B}.SingleImage|Any CPU.ActiveCfg = Release|Any CPU
		{6DEAF31A-4815-4CA1-B1C9-536B721A252B}.SingleImage|Any CPU.Build.0 = Release|Any CPU
		{8A2F936A-7D1F-46E1-ADF8-E101573AA3E4}.CD_ROM|Any CPU.ActiveCfg = Release|Any CPU
		{8A2F936A-7D1F-46E1-ADF8-E101573AA3E4}.CD_ROM|Any CPU.Build.0 = Release|Any CPU
		{8A2F936A-7D1F-46E1-ADF8-E101573AA3E4}.Debug|Any CPU.ActiveCfg = Debug|Any CPU
		{8A2F936A-7D1F-46E1-ADF8-E101573AA3E4}.Debug|Any CPU.Build.0 = Debug|Any CPU
		{8A2F936A-7D1F-46E1-ADF8-E101573AA3E4}.DVD-5|Any CPU.ActiveCfg = Debug|Any CPU
		{8A2F936A-7D1F-46E1-ADF8-E101573AA3E4}.DVD-5|Any CPU.Build.0 = Debug|Any CPU
		{8A2F936A-7D1F-46E1-ADF8-E101573AA3E4}.Release|Any CPU.ActiveCfg = Release|Any CPU
		{8A2F936A-7D1F-46E1-ADF8-E101573AA3E4}.Release|Any CPU.Build.0 = Release|Any CPU
		{8A2F936A-7D1F-46E1-ADF8-E101573AA3E4}.SingleImage|Any CPU.ActiveCfg = Release|Any CPU
		{8A2F936A-7D1F-46E1-ADF8-E101573AA3E4}.SingleImage|Any CPU.Build.0 = Release|Any CPU
		{FB65A4A8-3E1D-4DA2-B831-1CD5570841FA}.CD_ROM|Any CPU.ActiveCfg = Release|Any CPU
		{FB65A4A8-3E1D-4DA2-B831-1CD5570841FA}.CD_ROM|Any CPU.Build.0 = Release|Any CPU
		{FB65A4A8-3E1D-4DA2-B831-1CD5570841FA}.Debug|Any CPU.ActiveCfg = Debug|Any CPU
		{FB65A4A8-3E1D-4DA2-B831-1CD5570841FA}.Debug|Any CPU.Build.0 = Debug|Any CPU
		{FB65A4A8-3E1D-4DA2-B831-1CD5570841FA}.DVD-5|Any CPU.ActiveCfg = Debug|Any CPU
		{FB65A4A8-3E1D-4DA2-B831-1CD5570841FA}.DVD-5|Any CPU.Build.0 = Debug|Any CPU
		{FB65A4A8-3E1D-4DA2-B831-1CD5570841FA}.Release|Any CPU.ActiveCfg = Release|Any CPU
		{FB65A4A8-3E1D-4DA2-B831-1CD5570841FA}.Release|Any CPU.Build.0 = Release|Any CPU
		{FB65A4A8-3E1D-4DA2-B831-1CD5570841FA}.SingleImage|Any CPU.ActiveCfg = Release|Any CPU
		{FB65A4A8-3E1D-4DA2-B831-1CD5570841FA}.SingleImage|Any CPU.Build.0 = Release|Any CPU
		{8B4C3980-A7B8-4A81-8DF2-CFFA576FE414}.CD_ROM|Any CPU.ActiveCfg = Release|Any CPU
		{8B4C3980-A7B8-4A81-8DF2-CFFA576FE414}.CD_ROM|Any CPU.Build.0 = Release|Any CPU
		{8B4C3980-A7B8-4A81-8DF2-CFFA576FE414}.Debug|Any CPU.ActiveCfg = Debug|Any CPU
		{8B4C3980-A7B8-4A81-8DF2-CFFA576FE414}.Debug|Any CPU.Build.0 = Debug|Any CPU
		{8B4C3980-A7B8-4A81-8DF2-CFFA576FE414}.DVD-5|Any CPU.ActiveCfg = Debug|Any CPU
		{8B4C3980-A7B8-4A81-8DF2-CFFA576FE414}.DVD-5|Any CPU.Build.0 = Debug|Any CPU
		{8B4C3980-A7B8-4A81-8DF2-CFFA576FE414}.Release|Any CPU.ActiveCfg = Release|Any CPU
		{8B4C3980-A7B8-4A81-8DF2-CFFA576FE414}.Release|Any CPU.Build.0 = Release|Any CPU
		{8B4C3980-A7B8-4A81-8DF2-CFFA576FE414}.SingleImage|Any CPU.ActiveCfg = Release|Any CPU
		{8B4C3980-A7B8-4A81-8DF2-CFFA576FE414}.SingleImage|Any CPU.Build.0 = Release|Any CPU
		{2FE895E8-2808-4ADF-883F-DA1BFA6CB56A}.CD_ROM|Any CPU.ActiveCfg = Release|Any CPU
		{2FE895E8-2808-4ADF-883F-DA1BFA6CB56A}.CD_ROM|Any CPU.Build.0 = Release|Any CPU
		{2FE895E8-2808-4ADF-883F-DA1BFA6CB56A}.Debug|Any CPU.ActiveCfg = Debug|Any CPU
		{2FE895E8-2808-4ADF-883F-DA1BFA6CB56A}.Debug|Any CPU.Build.0 = Debug|Any CPU
		{2FE895E8-2808-4ADF-883F-DA1BFA6CB56A}.DVD-5|Any CPU.ActiveCfg = Debug|Any CPU
		{2FE895E8-2808-4ADF-883F-DA1BFA6CB56A}.DVD-5|Any CPU.Build.0 = Debug|Any CPU
		{2FE895E8-2808-4ADF-883F-DA1BFA6CB56A}.Release|Any CPU.ActiveCfg = Release|Any CPU
		{2FE895E8-2808-4ADF-883F-DA1BFA6CB56A}.Release|Any CPU.Build.0 = Release|Any CPU
		{2FE895E8-2808-4ADF-883F-DA1BFA6CB56A}.SingleImage|Any CPU.ActiveCfg = Release|Any CPU
		{2FE895E8-2808-4ADF-883F-DA1BFA6CB56A}.SingleImage|Any CPU.Build.0 = Release|Any CPU
		{0C6BBE90-1ABF-4B31-96FD-E73F2B7CEA05}.CD_ROM|Any CPU.ActiveCfg = Release|Any CPU
		{0C6BBE90-1ABF-4B31-96FD-E73F2B7CEA05}.CD_ROM|Any CPU.Build.0 = Release|Any CPU
		{0C6BBE90-1ABF-4B31-96FD-E73F2B7CEA05}.Debug|Any CPU.ActiveCfg = Debug|Any CPU
		{0C6BBE90-1ABF-4B31-96FD-E73F2B7CEA05}.Debug|Any CPU.Build.0 = Debug|Any CPU
		{0C6BBE90-1ABF-4B31-96FD-E73F2B7CEA05}.DVD-5|Any CPU.ActiveCfg = Debug|Any CPU
		{0C6BBE90-1ABF-4B31-96FD-E73F2B7CEA05}.DVD-5|Any CPU.Build.0 = Debug|Any CPU
		{0C6BBE90-1ABF-4B31-96FD-E73F2B7CEA05}.Release|Any CPU.ActiveCfg = Release|Any CPU
		{0C6BBE90-1ABF-4B31-96FD-E73F2B7CEA05}.Release|Any CPU.Build.0 = Release|Any CPU
		{0C6BBE90-1ABF-4B31-96FD-E73F2B7CEA05}.SingleImage|Any CPU.ActiveCfg = Release|Any CPU
		{0C6BBE90-1ABF-4B31-96FD-E73F2B7CEA05}.SingleImage|Any CPU.Build.0 = Release|Any CPU
		{C89F4AC9-4F3D-4514-A13E-3A7DEA2ABFF4}.CD_ROM|Any CPU.ActiveCfg = Release|Any CPU
		{C89F4AC9-4F3D-4514-A13E-3A7DEA2ABFF4}.CD_ROM|Any CPU.Build.0 = Release|Any CPU
		{C89F4AC9-4F3D-4514-A13E-3A7DEA2ABFF4}.Debug|Any CPU.ActiveCfg = Debug|Any CPU
		{C89F4AC9-4F3D-4514-A13E-3A7DEA2ABFF4}.Debug|Any CPU.Build.0 = Debug|Any CPU
		{C89F4AC9-4F3D-4514-A13E-3A7DEA2ABFF4}.DVD-5|Any CPU.ActiveCfg = Debug|Any CPU
		{C89F4AC9-4F3D-4514-A13E-3A7DEA2ABFF4}.DVD-5|Any CPU.Build.0 = Debug|Any CPU
		{C89F4AC9-4F3D-4514-A13E-3A7DEA2ABFF4}.Release|Any CPU.ActiveCfg = Release|Any CPU
		{C89F4AC9-4F3D-4514-A13E-3A7DEA2ABFF4}.Release|Any CPU.Build.0 = Release|Any CPU
		{C89F4AC9-4F3D-4514-A13E-3A7DEA2ABFF4}.SingleImage|Any CPU.ActiveCfg = Release|Any CPU
		{C89F4AC9-4F3D-4514-A13E-3A7DEA2ABFF4}.SingleImage|Any CPU.Build.0 = Release|Any CPU
		{D7B7F59F-D2D3-477C-9C7F-9C9F0E6793ED}.CD_ROM|Any CPU.ActiveCfg = Release|Any CPU
		{D7B7F59F-D2D3-477C-9C7F-9C9F0E6793ED}.CD_ROM|Any CPU.Build.0 = Release|Any CPU
		{D7B7F59F-D2D3-477C-9C7F-9C9F0E6793ED}.Debug|Any CPU.ActiveCfg = Debug|Any CPU
		{D7B7F59F-D2D3-477C-9C7F-9C9F0E6793ED}.Debug|Any CPU.Build.0 = Debug|Any CPU
		{D7B7F59F-D2D3-477C-9C7F-9C9F0E6793ED}.DVD-5|Any CPU.ActiveCfg = Debug|Any CPU
		{D7B7F59F-D2D3-477C-9C7F-9C9F0E6793ED}.DVD-5|Any CPU.Build.0 = Debug|Any CPU
		{D7B7F59F-D2D3-477C-9C7F-9C9F0E6793ED}.Release|Any CPU.ActiveCfg = Release|Any CPU
		{D7B7F59F-D2D3-477C-9C7F-9C9F0E6793ED}.Release|Any CPU.Build.0 = Release|Any CPU
		{D7B7F59F-D2D3-477C-9C7F-9C9F0E6793ED}.SingleImage|Any CPU.ActiveCfg = Release|Any CPU
		{D7B7F59F-D2D3-477C-9C7F-9C9F0E6793ED}.SingleImage|Any CPU.Build.0 = Release|Any CPU
	EndGlobalSection
	GlobalSection(SolutionProperties) = preSolution
		HideSolutionNode = FALSE
	EndGlobalSection
	GlobalSection(NestedProjects) = preSolution
		{F01EA778-D03F-44B3-BA3C-998AF3758DC7} = {60A6D0C5-CFF5-4720-BBDD-522CED15C89B}
		{EF9B5546-E089-4CDE-9D36-40065EC965D9} = {4FECFFDC-A151-4633-AA63-05248B3EFBD7}
		{617DA60B-7997-418F-A7AA-8BC761E35184} = {4FECFFDC-A151-4633-AA63-05248B3EFBD7}
		{85DF9D0A-C2B1-47EE-BC2A-A63451B8130B} = {4FECFFDC-A151-4633-AA63-05248B3EFBD7}
		{DD879B19-5A18-488F-BDDD-2D6C7F0834CC} = {1809B2EA-636A-4F6D-BE7D-49216DD87353}
		{D90805CE-CEE6-42A5-87C2-EBF6ECFA94E2} = {D8CB79D2-A3FE-43A5-977F-8446E8C0B544}
		{0831ACE7-562B-4820-9665-18C363F46974} = {5F6EF793-679B-4735-BEE7-195998BDF4D2}
		{E892D14E-DF51-47E9-9865-E7269EA15013} = {5F6EF793-679B-4735-BEE7-195998BDF4D2}
		{73FA4CBE-6279-47DD-9728-A53BE04B72C8} = {5F6EF793-679B-4735-BEE7-195998BDF4D2}
		{D8CB79D2-A3FE-43A5-977F-8446E8C0B544} = {5D66FC30-9508-433A-9B2E-23343EE01968}
		{0590A13B-03B3-4836-AEB0-860B9EB84BC5} = {5D66FC30-9508-433A-9B2E-23343EE01968}
		{09B1F59C-74CD-4DA3-8F49-3CDBCB6970E5} = {5D66FC30-9508-433A-9B2E-23343EE01968}
		{0FD7C857-5CE8-4E1D-AF57-2B1434FF9BCF} = {5D66FC30-9508-433A-9B2E-23343EE01968}
		{3165024D-838D-4D30-A243-645FC51B9F41} = {0FD7C857-5CE8-4E1D-AF57-2B1434FF9BCF}
		{337E340F-4C92-4BAF-B111-FAB0D0373F55} = {D8CB79D2-A3FE-43A5-977F-8446E8C0B544}
		{F1C58E54-417F-4A65-A13E-E872841C544E} = {D8CB79D2-A3FE-43A5-977F-8446E8C0B544}
		{2F657692-028D-45A6-8768-688A312181CC} = {1809B2EA-636A-4F6D-BE7D-49216DD87353}
		{BE77C3CC-E8A9-444F-9DEA-A8F047A050EB} = {60A6D0C5-CFF5-4720-BBDD-522CED15C89B}
		{0A8979F5-A8EE-4DAA-8665-8AFBF589082D} = {9EA991AC-6752-465F-8270-C240AD46CFBC}
		{5928C486-5249-4BE4-ACB3-11718060C66C} = {4FECFFDC-A151-4633-AA63-05248B3EFBD7}
		{EB7161F7-2BB5-4ED3-BF0A-268A1182E01C} = {60A6D0C5-CFF5-4720-BBDD-522CED15C89B}
		{78FE02DA-A945-4527-B408-19A4A3509185} = {4FECFFDC-A151-4633-AA63-05248B3EFBD7}
		{B86A3B18-54CD-4CFC-9B03-9A659D34B23B} = {0590A13B-03B3-4836-AEB0-860B9EB84BC5}
		{2A0B270B-A029-4920-BFCB-C0BBC847E4A4} = {1809B2EA-636A-4F6D-BE7D-49216DD87353}
		{17662823-C8CB-4B83-8786-EFF3B70007CC} = {5F6EF793-679B-4735-BEE7-195998BDF4D2}
		{D8721BE3-0B6C-4128-956A-28D817EF9286} = {5F6EF793-679B-4735-BEE7-195998BDF4D2}
		{C24563CA-AB56-4FFB-9A75-75C5FC0163B0} = {4FECFFDC-A151-4633-AA63-05248B3EFBD7}
		{D91913D7-AD50-4CA2-911C-B47C1D0CDA76} = {4FECFFDC-A151-4633-AA63-05248B3EFBD7}
		{A04224BB-8321-4862-AF7E-CDE3073446C5} = {09B1F59C-74CD-4DA3-8F49-3CDBCB6970E5}
		{2D248859-FE99-4326-80A5-C84D8CD206D4} = {1809B2EA-636A-4F6D-BE7D-49216DD87353}
		{6DEAF31A-4815-4CA1-B1C9-536B721A252B} = {4FECFFDC-A151-4633-AA63-05248B3EFBD7}
		{8A2F936A-7D1F-46E1-ADF8-E101573AA3E4} = {5F6EF793-679B-4735-BEE7-195998BDF4D2}
		{FB65A4A8-3E1D-4DA2-B831-1CD5570841FA} = {69CC6D43-1C56-4EAF-A9FA-43F90E4D7154}
		{8B4C3980-A7B8-4A81-8DF2-CFFA576FE414} = {D8CB79D2-A3FE-43A5-977F-8446E8C0B544}
		{2FE895E8-2808-4ADF-883F-DA1BFA6CB56A} = {4FECFFDC-A151-4633-AA63-05248B3EFBD7}
		{0C6BBE90-1ABF-4B31-96FD-E73F2B7CEA05} = {3E533E81-1CEB-4BED-B8B4-F3248DD54EA3}
		{C89F4AC9-4F3D-4514-A13E-3A7DEA2ABFF4} = {4FECFFDC-A151-4633-AA63-05248B3EFBD7}
		{D7B7F59F-D2D3-477C-9C7F-9C9F0E6793ED} = {69CC6D43-1C56-4EAF-A9FA-43F90E4D7154}
	EndGlobalSection
	GlobalSection(ExtensibilityGlobals) = postSolution
		VisualSVNWorkingCopyRoot = .
	EndGlobalSection
	GlobalSection(SubversionScc) = preSolution
		Svn-Managed = True
		Manager = AnkhSVN - Subversion Support for Visual Studio
	EndGlobalSection
EndGlobal
